
Microsoft Visual Studio Solution File, Format Version 12.00
# Visual Studio 14
VisualStudioVersion = 14.0.25420.1
MinimumVisualStudioVersion = 10.0.40219.1
Project("{FAE04EC0-301F-11D3-BF4B-00C04F79EFBC}") = "HapcanProgrammer", "HapcanProgrammer\HapcanProgrammer.csproj", "{BD5A4E07-F5A4-47EC-BD5D-0F410240A136}"
EndProject
Global
	GlobalSection(SolutionConfigurationPlatforms) = preSolution
		Debug|Any CPU = Debug|Any CPU
		Release|Any CPU = Release|Any CPU
	EndGlobalSection
	GlobalSection(ProjectConfigurationPlatforms) = postSolution
		{BD5A4E07-F5A4-47EC-BD5D-0F410240A136}.Debug|Any CPU.ActiveCfg = Debug|Any CPU
		{BD5A4E07-F5A4-47EC-BD5D-0F410240A136}.Debug|Any CPU.Build.0 = Debug|Any CPU
		{BD5A4E07-F5A4-47EC-BD5D-0F410240A136}.Release|Any CPU.ActiveCfg = Release|Any CPU
		{BD5A4E07-F5A4-47EC-BD5D-0F410240A136}.Release|Any CPU.Build.0 = Release|Any CPU
	EndGlobalSection
	GlobalSection(SolutionProperties) = preSolution
		HideSolutionNode = FALSE
	EndGlobalSection
EndGlobal
